
Microsoft Visual Studio Solution File, Format Version 12.00
# Visual Studio Version 17
VisualStudioVersion = 17.9.34902.65
MinimumVisualStudioVersion = 10.0.40219.1
Project("{FAE04EC0-301F-11D3-BF4B-00C04F79EFBC}") = "VideoTranslate", "VideoTranslate\VideoTranslate.csproj", "{EEADAE3F-F6EA-407F-BE44-E2CEFCC932B8}"
EndProject
Global
	GlobalSection(SolutionConfigurationPlatforms) = preSolution
		Debug|Any CPU = Debug|Any CPU
		Release|Any CPU = Release|Any CPU
	EndGlobalSection
	GlobalSection(ProjectConfigurationPlatforms) = postSolution
		{EEADAE3F-F6EA-407F-BE44-E2CEFCC932B8}.Debug|Any CPU.ActiveCfg = Debug|Any CPU
		{EEADAE3F-F6EA-407F-BE44-E2CEFCC932B8}.Debug|Any CPU.Build.0 = Debug|Any CPU
		{EEADAE3F-F6EA-407F-BE44-E2CEFCC932B8}.Release|Any CPU.ActiveCfg = Release|Any CPU
		{EEADAE3F-F6EA-407F-BE44-E2CEFCC932B8}.Release|Any CPU.Build.0 = Release|Any CPU
	EndGlobalSection
	GlobalSection(SolutionProperties) = preSolution
		HideSolutionNode = FALSE
	EndGlobalSection
	GlobalSection(ExtensibilityGlobals) = postSolution
		SolutionGuid = {E3B48826-5BF0-4BEA-B886-051A91B2C141}
	EndGlobalSection
EndGlobal
